
Microsoft Visual Studio Solution File, Format Version 12.00
# Visual Studio Version 17
VisualStudioVersion = 17.12.35527.113
MinimumVisualStudioVersion = 10.0.40219.1
Project("{FAE04EC0-301F-11D3-BF4B-00C04F79EFBC}") = "SFA.DAS.AODP.Api", "SFA.DAS.AODP.Api\SFA.DAS.AODP.Api.csproj", "{9E4CFF21-93D1-4E84-9F89-E284F0EA3353}"
EndProject
Project("{FAE04EC0-301F-11D3-BF4B-00C04F79EFBC}") = "SFA.DAS.AODP.Application", "SFA.DAS.AODP.Application\SFA.DAS.AODP.Application.csproj", "{4113BECF-44C5-4331-B531-9F988C3B3F3D}"
EndProject
Project("{FAE04EC0-301F-11D3-BF4B-00C04F79EFBC}") = "SFA.DAS.AODP.Models", "SFA.DAS.AODP.Models\SFA.DAS.AODP.Models.csproj", "{9918CEDE-AF4D-4031-9AD9-22B96B2B9636}"
EndProject
Project("{FAE04EC0-301F-11D3-BF4B-00C04F79EFBC}") = "SFA.DAS.AODP.Data", "SFA.DAS.AODP.Data\SFA.DAS.AODP.Data.csproj", "{BCA2A529-3023-4482-A694-00EBC9354266}"
EndProject
Project("{00D1A9C2-B5F0-4AF3-8072-F6C62B433612}") = "SFA.DAS.AODP.Database", "SFA.DAS.AODP.Database\SFA.DAS.AODP.Database.sqlproj", "{8146E5C9-4344-4EAF-A997-8ADF904E1A46}"
EndProject
Project("{FAE04EC0-301F-11D3-BF4B-00C04F79EFBC}") = "SFA.DAS.AODP.Api.UnitTests", "SFA.DAS.AODP.Api.Tests\SFA.DAS.AODP.Api.UnitTests.csproj", "{9C365048-7C6A-4DCE-98E6-9977B3A73098}"
EndProject
Project("{FAE04EC0-301F-11D3-BF4B-00C04F79EFBC}") = "SFA.DAS.AODP.Application.UnitTests", "SFA.DAS.AODP.Application.Tests\SFA.DAS.AODP.Application.UnitTests.csproj", "{FB74FB4A-5171-40CE-964D-742BB8DFF2E1}"
EndProject
Project("{FAE04EC0-301F-11D3-BF4B-00C04F79EFBC}") = "SFA.DAS.AODP.Data.UnitTests", "SFA.DAS.AODP.Data.Tests\SFA.DAS.AODP.Data.UnitTests.csproj", "{17E1FA1D-D77E-4B2A-8C9F-7D4C4CA0C031}"
EndProject
Project("{2150E333-8FDC-42A3-9474-1A3956D46DE8}") = "Tests", "Tests", "{352D93C0-FC99-424B-8C40-62DF305297D9}"
EndProject
Project("{2150E333-8FDC-42A3-9474-1A3956D46DE8}") = "Tests", "Tests", "{352D93C0-FC99-424B-8C40-62DF305297D9}"
EndProject
Global
	GlobalSection(SolutionConfigurationPlatforms) = preSolution
		Debug|Any CPU = Debug|Any CPU
		Release|Any CPU = Release|Any CPU
	EndGlobalSection
	GlobalSection(ProjectConfigurationPlatforms) = postSolution
		{9E4CFF21-93D1-4E84-9F89-E284F0EA3353}.Debug|Any CPU.ActiveCfg = Debug|Any CPU
		{9E4CFF21-93D1-4E84-9F89-E284F0EA3353}.Debug|Any CPU.Build.0 = Debug|Any CPU
		{9E4CFF21-93D1-4E84-9F89-E284F0EA3353}.Release|Any CPU.ActiveCfg = Release|Any CPU
		{9E4CFF21-93D1-4E84-9F89-E284F0EA3353}.Release|Any CPU.Build.0 = Release|Any CPU
		{4113BECF-44C5-4331-B531-9F988C3B3F3D}.Debug|Any CPU.ActiveCfg = Debug|Any CPU
		{4113BECF-44C5-4331-B531-9F988C3B3F3D}.Debug|Any CPU.Build.0 = Debug|Any CPU
		{4113BECF-44C5-4331-B531-9F988C3B3F3D}.Release|Any CPU.ActiveCfg = Release|Any CPU
		{4113BECF-44C5-4331-B531-9F988C3B3F3D}.Release|Any CPU.Build.0 = Release|Any CPU
		{9918CEDE-AF4D-4031-9AD9-22B96B2B9636}.Debug|Any CPU.ActiveCfg = Debug|Any CPU
		{9918CEDE-AF4D-4031-9AD9-22B96B2B9636}.Debug|Any CPU.Build.0 = Debug|Any CPU
		{9918CEDE-AF4D-4031-9AD9-22B96B2B9636}.Release|Any CPU.ActiveCfg = Release|Any CPU
		{9918CEDE-AF4D-4031-9AD9-22B96B2B9636}.Release|Any CPU.Build.0 = Release|Any CPU
		{BCA2A529-3023-4482-A694-00EBC9354266}.Debug|Any CPU.ActiveCfg = Debug|Any CPU
		{BCA2A529-3023-4482-A694-00EBC9354266}.Debug|Any CPU.Build.0 = Debug|Any CPU
		{BCA2A529-3023-4482-A694-00EBC9354266}.Release|Any CPU.ActiveCfg = Release|Any CPU
		{BCA2A529-3023-4482-A694-00EBC9354266}.Release|Any CPU.Build.0 = Release|Any CPU
		{8146E5C9-4344-4EAF-A997-8ADF904E1A46}.Debug|Any CPU.ActiveCfg = Debug|Any CPU
		{8146E5C9-4344-4EAF-A997-8ADF904E1A46}.Debug|Any CPU.Build.0 = Debug|Any CPU
		{8146E5C9-4344-4EAF-A997-8ADF904E1A46}.Debug|Any CPU.Deploy.0 = Debug|Any CPU
		{8146E5C9-4344-4EAF-A997-8ADF904E1A46}.Release|Any CPU.ActiveCfg = Release|Any CPU
		{8146E5C9-4344-4EAF-A997-8ADF904E1A46}.Release|Any CPU.Build.0 = Release|Any CPU
		{8146E5C9-4344-4EAF-A997-8ADF904E1A46}.Release|Any CPU.Deploy.0 = Release|Any CPU
		{9C365048-7C6A-4DCE-98E6-9977B3A73098}.Debug|Any CPU.ActiveCfg = Debug|Any CPU
		{9C365048-7C6A-4DCE-98E6-9977B3A73098}.Debug|Any CPU.Build.0 = Debug|Any CPU
		{9C365048-7C6A-4DCE-98E6-9977B3A73098}.Release|Any CPU.ActiveCfg = Release|Any CPU
		{9C365048-7C6A-4DCE-98E6-9977B3A73098}.Release|Any CPU.Build.0 = Release|Any CPU
		{FB74FB4A-5171-40CE-964D-742BB8DFF2E1}.Debug|Any CPU.ActiveCfg = Debug|Any CPU
		{FB74FB4A-5171-40CE-964D-742BB8DFF2E1}.Debug|Any CPU.Build.0 = Debug|Any CPU
		{FB74FB4A-5171-40CE-964D-742BB8DFF2E1}.Release|Any CPU.ActiveCfg = Release|Any CPU
		{FB74FB4A-5171-40CE-964D-742BB8DFF2E1}.Release|Any CPU.Build.0 = Release|Any CPU
		{17E1FA1D-D77E-4B2A-8C9F-7D4C4CA0C031}.Debug|Any CPU.ActiveCfg = Debug|Any CPU
		{17E1FA1D-D77E-4B2A-8C9F-7D4C4CA0C031}.Debug|Any CPU.Build.0 = Debug|Any CPU
		{17E1FA1D-D77E-4B2A-8C9F-7D4C4CA0C031}.Release|Any CPU.ActiveCfg = Release|Any CPU
		{17E1FA1D-D77E-4B2A-8C9F-7D4C4CA0C031}.Release|Any CPU.Build.0 = Release|Any CPU
	EndGlobalSection
	GlobalSection(SolutionProperties) = preSolution
		HideSolutionNode = FALSE
	EndGlobalSection
	GlobalSection(NestedProjects) = preSolution
		{9C365048-7C6A-4DCE-98E6-9977B3A73098} = {352D93C0-FC99-424B-8C40-62DF305297D9}
		{FB74FB4A-5171-40CE-964D-742BB8DFF2E1} = {352D93C0-FC99-424B-8C40-62DF305297D9}
		{17E1FA1D-D77E-4B2A-8C9F-7D4C4CA0C031} = {352D93C0-FC99-424B-8C40-62DF305297D9}
	EndGlobalSection
EndGlobal
